
Microsoft Visual Studio Solution File, Format Version 12.00
# Visual Studio 15
VisualStudioVersion = 15.0.27130.2036
MinimumVisualStudioVersion = 10.0.40219.1
Project("{8BC9CEB8-8B4A-11D0-8D11-00A0C91BC942}") = "stl_containers", "cpp_11_14_17_practise\cpp_11_14_17_practise.vcxproj", "{C931C1CC-BAD2-45C1-BEE3-7E3C549804AB}"
EndProject
Project("{8BC9CEB8-8B4A-11D0-8D11-00A0C91BC942}") = "smart_pointers", "smart_pointers\smart_pointers.vcxproj", "{F4386F86-E5FA-4A6C-9C10-110228172AF3}"
EndProject
Project("{8BC9CEB8-8B4A-11D0-8D11-00A0C91BC942}") = "lambdas", "lambdas\lambdas.vcxproj", "{5AA693FC-B75C-4C46-9475-0F56E751678A}"
EndProject
Project("{8BC9CEB8-8B4A-11D0-8D11-00A0C91BC942}") = "sfml2048", "sfml2048\sfml2048.vcxproj", "{BDF49119-3214-4C72-94EF-9AE6F837C64D}"
EndProject
Global
	GlobalSection(SolutionConfigurationPlatforms) = preSolution
		Debug|x64 = Debug|x64
		Debug|x86 = Debug|x86
		Release|x64 = Release|x64
		Release|x86 = Release|x86
	EndGlobalSection
	GlobalSection(ProjectConfigurationPlatforms) = postSolution
		{C931C1CC-BAD2-45C1-BEE3-7E3C549804AB}.Debug|x64.ActiveCfg = Debug|x64
		{C931C1CC-BAD2-45C1-BEE3-7E3C549804AB}.Debug|x64.Build.0 = Debug|x64
		{C931C1CC-BAD2-45C1-BEE3-7E3C549804AB}.Debug|x86.ActiveCfg = Debug|Win32
		{C931C1CC-BAD2-45C1-BEE3-7E3C549804AB}.Debug|x86.Build.0 = Debug|Win32
		{C931C1CC-BAD2-45C1-BEE3-7E3C549804AB}.Release|x64.ActiveCfg = Release|x64
		{C931C1CC-BAD2-45C1-BEE3-7E3C549804AB}.Release|x64.Build.0 = Release|x64
		{C931C1CC-BAD2-45C1-BEE3-7E3C549804AB}.Release|x86.ActiveCfg = Release|Win32
		{C931C1CC-BAD2-45C1-BEE3-7E3C549804AB}.Release|x86.Build.0 = Release|Win32
		{F4386F86-E5FA-4A6C-9C10-110228172AF3}.Debug|x64.ActiveCfg = Debug|x64
		{F4386F86-E5FA-4A6C-9C10-110228172AF3}.Debug|x64.Build.0 = Debug|x64
		{F4386F86-E5FA-4A6C-9C10-110228172AF3}.Debug|x86.ActiveCfg = Debug|Win32
		{F4386F86-E5FA-4A6C-9C10-110228172AF3}.Debug|x86.Build.0 = Debug|Win32
		{F4386F86-E5FA-4A6C-9C10-110228172AF3}.Release|x64.ActiveCfg = Release|x64
		{F4386F86-E5FA-4A6C-9C10-110228172AF3}.Release|x64.Build.0 = Release|x64
		{F4386F86-E5FA-4A6C-9C10-110228172AF3}.Release|x86.ActiveCfg = Release|Win32
		{F4386F86-E5FA-4A6C-9C10-110228172AF3}.Release|x86.Build.0 = Release|Win32
		{5AA693FC-B75C-4C46-9475-0F56E751678A}.Debug|x64.ActiveCfg = Debug|x64
		{5AA693FC-B75C-4C46-9475-0F56E751678A}.Debug|x64.Build.0 = Debug|x64
		{5AA693FC-B75C-4C46-9475-0F56E751678A}.Debug|x86.ActiveCfg = Debug|Win32
		{5AA693FC-B75C-4C46-9475-0F56E751678A}.Debug|x86.Build.0 = Debug|Win32
		{5AA693FC-B75C-4C46-9475-0F56E751678A}.Release|x64.ActiveCfg = Release|x64
		{5AA693FC-B75C-4C46-9475-0F56E751678A}.Release|x64.Build.0 = Release|x64
		{5AA693FC-B75C-4C46-9475-0F56E751678A}.Release|x86.ActiveCfg = Release|Win32
		{5AA693FC-B75C-4C46-9475-0F56E751678A}.Release|x86.Build.0 = Release|Win32
		{BDF49119-3214-4C72-94EF-9AE6F837C64D}.Debug|x64.ActiveCfg = Debug|x64
		{BDF49119-3214-4C72-94EF-9AE6F837C64D}.Debug|x64.Build.0 = Debug|x64
		{BDF49119-3214-4C72-94EF-9AE6F837C64D}.Debug|x86.ActiveCfg = Debug|Win32
		{BDF49119-3214-4C72-94EF-9AE6F837C64D}.Debug|x86.Build.0 = Debug|Win32
		{BDF49119-3214-4C72-94EF-9AE6F837C64D}.Release|x64.ActiveCfg = Release|x64
		{BDF49119-3214-4C72-94EF-9AE6F837C64D}.Release|x64.Build.0 = Release|x64
		{BDF49119-3214-4C72-94EF-9AE6F837C64D}.Release|x86.ActiveCfg = Release|Win32
		{BDF49119-3214-4C72-94EF-9AE6F837C64D}.Release|x86.Build.0 = Release|Win32
	EndGlobalSection
	GlobalSection(SolutionProperties) = preSolution
		HideSolutionNode = FALSE
	EndGlobalSection
	GlobalSection(ExtensibilityGlobals) = postSolution
		SolutionGuid = {5C155545-2073-4FC6-8029-066E8100745A}
	EndGlobalSection
EndGlobal
